
Microsoft Visual Studio Solution File, Format Version 12.00
# Visual Studio Version 16
VisualStudioVersion = 16.0.29613.14
MinimumVisualStudioVersion = 10.0.40219.1
Project("{FAE04EC0-301F-11D3-BF4B-00C04F79EFBC}") = "D2MC", "Diablo2_Mouse_Capture\D2MC.csproj", "{92A48694-C09D-4FE9-A4B7-54B5D47A193E}"
EndProject
Project("{FAE04EC0-301F-11D3-BF4B-00C04F79EFBC}") = "D2MC_Config", "Config\D2MC_Config.csproj", "{D15595CB-0F24-47A0-BF3E-83D07D5C5141}"
EndProject
Global
	GlobalSection(SolutionConfigurationPlatforms) = preSolution
		Debug|Any CPU = Debug|Any CPU
		Release|Any CPU = Release|Any CPU
	EndGlobalSection
	GlobalSection(ProjectConfigurationPlatforms) = postSolution
		{92A48694-C09D-4FE9-A4B7-54B5D47A193E}.Debug|Any CPU.ActiveCfg = Debug|Any CPU
		{92A48694-C09D-4FE9-A4B7-54B5D47A193E}.Debug|Any CPU.Build.0 = Debug|Any CPU
		{92A48694-C09D-4FE9-A4B7-54B5D47A193E}.Release|Any CPU.ActiveCfg = Release|Any CPU
		{92A48694-C09D-4FE9-A4B7-54B5D47A193E}.Release|Any CPU.Build.0 = Release|Any CPU
		{D15595CB-0F24-47A0-BF3E-83D07D5C5141}.Debug|Any CPU.ActiveCfg = Debug|Any CPU
		{D15595CB-0F24-47A0-BF3E-83D07D5C5141}.Debug|Any CPU.Build.0 = Debug|Any CPU
		{D15595CB-0F24-47A0-BF3E-83D07D5C5141}.Release|Any CPU.ActiveCfg = Release|Any CPU
		{D15595CB-0F24-47A0-BF3E-83D07D5C5141}.Release|Any CPU.Build.0 = Release|Any CPU
	EndGlobalSection
	GlobalSection(SolutionProperties) = preSolution
		HideSolutionNode = FALSE
	EndGlobalSection
	GlobalSection(ExtensibilityGlobals) = postSolution
		SolutionGuid = {1CAA67BF-E062-497F-B439-9107324E5845}
	EndGlobalSection
EndGlobal
